
Microsoft Visual Studio Solution File, Format Version 12.00
# Visual Studio 15
VisualStudioVersion = 15.0.26124.0
MinimumVisualStudioVersion = 15.0.26124.0
Project("{2150E333-8FDC-42A3-9474-1A3956D46DE8}") = "src", "src", "{9FFD7189-891A-4B00-B291-777FB0DAACD6}"
EndProject
Project("{FAE04EC0-301F-11D3-BF4B-00C04F79EFBC}") = "Ict2017.IdentityServer", "src\Ict2017.IdentityServer\Ict2017.IdentityServer.csproj", "{C46553E2-63ED-4423-9E11-E8DDB2E2DC71}"
EndProject
Project("{FAE04EC0-301F-11D3-BF4B-00C04F79EFBC}") = "Ict2017.Common", "src\Ict2017.Common\Ict2017.Common.csproj", "{CBFC94A2-EE15-44D4-8292-1886815D7C47}"
EndProject
Project("{FAE04EC0-301F-11D3-BF4B-00C04F79EFBC}") = "Ict2017.Client", "src\Ict2017.Client\Ict2017.Client.csproj", "{7624D0D1-9AA9-43FD-8B77-5FAB28920C12}"
EndProject
Project("{FAE04EC0-301F-11D3-BF4B-00C04F79EFBC}") = "Ict2017.WebApi", "src\Ict2017.WebApi\Ict2017.WebApi.csproj", "{B8E26A40-E368-4351-A8FA-D5B4ACABDC76}"
EndProject
Project("{FAE04EC0-301F-11D3-BF4B-00C04F79EFBC}") = "Ict2017.MVC", "src\Ict2017.MVC\Ict2017.MVC.csproj", "{5BD5D1C2-CD53-4D2F-A44F-66CF8A53B2C1}"
EndProject
Global
	GlobalSection(SolutionConfigurationPlatforms) = preSolution
		Debug|Any CPU = Debug|Any CPU
		Debug|x64 = Debug|x64
		Debug|x86 = Debug|x86
		Release|Any CPU = Release|Any CPU
		Release|x64 = Release|x64
		Release|x86 = Release|x86
	EndGlobalSection
	GlobalSection(SolutionProperties) = preSolution
		HideSolutionNode = FALSE
	EndGlobalSection
	GlobalSection(ProjectConfigurationPlatforms) = postSolution
		{C46553E2-63ED-4423-9E11-E8DDB2E2DC71}.Debug|Any CPU.ActiveCfg = Debug|Any CPU
		{C46553E2-63ED-4423-9E11-E8DDB2E2DC71}.Debug|Any CPU.Build.0 = Debug|Any CPU
		{C46553E2-63ED-4423-9E11-E8DDB2E2DC71}.Debug|x64.ActiveCfg = Debug|x64
		{C46553E2-63ED-4423-9E11-E8DDB2E2DC71}.Debug|x64.Build.0 = Debug|x64
		{C46553E2-63ED-4423-9E11-E8DDB2E2DC71}.Debug|x86.ActiveCfg = Debug|x86
		{C46553E2-63ED-4423-9E11-E8DDB2E2DC71}.Debug|x86.Build.0 = Debug|x86
		{C46553E2-63ED-4423-9E11-E8DDB2E2DC71}.Release|Any CPU.ActiveCfg = Release|Any CPU
		{C46553E2-63ED-4423-9E11-E8DDB2E2DC71}.Release|Any CPU.Build.0 = Release|Any CPU
		{C46553E2-63ED-4423-9E11-E8DDB2E2DC71}.Release|x64.ActiveCfg = Release|x64
		{C46553E2-63ED-4423-9E11-E8DDB2E2DC71}.Release|x64.Build.0 = Release|x64
		{C46553E2-63ED-4423-9E11-E8DDB2E2DC71}.Release|x86.ActiveCfg = Release|x86
		{C46553E2-63ED-4423-9E11-E8DDB2E2DC71}.Release|x86.Build.0 = Release|x86
		{CBFC94A2-EE15-44D4-8292-1886815D7C47}.Debug|Any CPU.ActiveCfg = Debug|Any CPU
		{CBFC94A2-EE15-44D4-8292-1886815D7C47}.Debug|Any CPU.Build.0 = Debug|Any CPU
		{CBFC94A2-EE15-44D4-8292-1886815D7C47}.Debug|x64.ActiveCfg = Debug|x64
		{CBFC94A2-EE15-44D4-8292-1886815D7C47}.Debug|x64.Build.0 = Debug|x64
		{CBFC94A2-EE15-44D4-8292-1886815D7C47}.Debug|x86.ActiveCfg = Debug|x86
		{CBFC94A2-EE15-44D4-8292-1886815D7C47}.Debug|x86.Build.0 = Debug|x86
		{CBFC94A2-EE15-44D4-8292-1886815D7C47}.Release|Any CPU.ActiveCfg = Release|Any CPU
		{CBFC94A2-EE15-44D4-8292-1886815D7C47}.Release|Any CPU.Build.0 = Release|Any CPU
		{CBFC94A2-EE15-44D4-8292-1886815D7C47}.Release|x64.ActiveCfg = Release|x64
		{CBFC94A2-EE15-44D4-8292-1886815D7C47}.Release|x64.Build.0 = Release|x64
		{CBFC94A2-EE15-44D4-8292-1886815D7C47}.Release|x86.ActiveCfg = Release|x86
		{CBFC94A2-EE15-44D4-8292-1886815D7C47}.Release|x86.Build.0 = Release|x86
		{7624D0D1-9AA9-43FD-8B77-5FAB28920C12}.Debug|Any CPU.ActiveCfg = Debug|Any CPU
		{7624D0D1-9AA9-43FD-8B77-5FAB28920C12}.Debug|Any CPU.Build.0 = Debug|Any CPU
		{7624D0D1-9AA9-43FD-8B77-5FAB28920C12}.Debug|x64.ActiveCfg = Debug|x64
		{7624D0D1-9AA9-43FD-8B77-5FAB28920C12}.Debug|x64.Build.0 = Debug|x64
		{7624D0D1-9AA9-43FD-8B77-5FAB28920C12}.Debug|x86.ActiveCfg = Debug|x86
		{7624D0D1-9AA9-43FD-8B77-5FAB28920C12}.Debug|x86.Build.0 = Debug|x86
		{7624D0D1-9AA9-43FD-8B77-5FAB28920C12}.Release|Any CPU.ActiveCfg = Release|Any CPU
		{7624D0D1-9AA9-43FD-8B77-5FAB28920C12}.Release|Any CPU.Build.0 = Release|Any CPU
		{7624D0D1-9AA9-43FD-8B77-5FAB28920C12}.Release|x64.ActiveCfg = Release|x64
		{7624D0D1-9AA9-43FD-8B77-5FAB28920C12}.Release|x64.Build.0 = Release|x64
		{7624D0D1-9AA9-43FD-8B77-5FAB28920C12}.Release|x86.ActiveCfg = Release|x86
		{7624D0D1-9AA9-43FD-8B77-5FAB28920C12}.Release|x86.Build.0 = Release|x86
		{B8E26A40-E368-4351-A8FA-D5B4ACABDC76}.Debug|Any CPU.ActiveCfg = Debug|Any CPU
		{B8E26A40-E368-4351-A8FA-D5B4ACABDC76}.Debug|Any CPU.Build.0 = Debug|Any CPU
		{B8E26A40-E368-4351-A8FA-D5B4ACABDC76}.Debug|x64.ActiveCfg = Debug|x64
		{B8E26A40-E368-4351-A8FA-D5B4ACABDC76}.Debug|x64.Build.0 = Debug|x64
		{B8E26A40-E368-4351-A8FA-D5B4ACABDC76}.Debug|x86.ActiveCfg = Debug|x86
		{B8E26A40-E368-4351-A8FA-D5B4ACABDC76}.Debug|x86.Build.0 = Debug|x86
		{B8E26A40-E368-4351-A8FA-D5B4ACABDC76}.Release|Any CPU.ActiveCfg = Release|Any CPU
		{B8E26A40-E368-4351-A8FA-D5B4ACABDC76}.Release|Any CPU.Build.0 = Release|Any CPU
		{B8E26A40-E368-4351-A8FA-D5B4ACABDC76}.Release|x64.ActiveCfg = Release|x64
		{B8E26A40-E368-4351-A8FA-D5B4ACABDC76}.Release|x64.Build.0 = Release|x64
		{B8E26A40-E368-4351-A8FA-D5B4ACABDC76}.Release|x86.ActiveCfg = Release|x86
		{B8E26A40-E368-4351-A8FA-D5B4ACABDC76}.Release|x86.Build.0 = Release|x86
		{5BD5D1C2-CD53-4D2F-A44F-66CF8A53B2C1}.Debug|Any CPU.ActiveCfg = Debug|Any CPU
		{5BD5D1C2-CD53-4D2F-A44F-66CF8A53B2C1}.Debug|Any CPU.Build.0 = Debug|Any CPU
		{5BD5D1C2-CD53-4D2F-A44F-66CF8A53B2C1}.Debug|x64.ActiveCfg = Debug|x64
		{5BD5D1C2-CD53-4D2F-A44F-66CF8A53B2C1}.Debug|x64.Build.0 = Debug|x64
		{5BD5D1C2-CD53-4D2F-A44F-66CF8A53B2C1}.Debug|x86.ActiveCfg = Debug|x86
		{5BD5D1C2-CD53-4D2F-A44F-66CF8A53B2C1}.Debug|x86.Build.0 = Debug|x86
		{5BD5D1C2-CD53-4D2F-A44F-66CF8A53B2C1}.Release|Any CPU.ActiveCfg = Release|Any CPU
		{5BD5D1C2-CD53-4D2F-A44F-66CF8A53B2C1}.Release|Any CPU.Build.0 = Release|Any CPU
		{5BD5D1C2-CD53-4D2F-A44F-66CF8A53B2C1}.Release|x64.ActiveCfg = Release|x64
		{5BD5D1C2-CD53-4D2F-A44F-66CF8A53B2C1}.Release|x64.Build.0 = Release|x64
		{5BD5D1C2-CD53-4D2F-A44F-66CF8A53B2C1}.Release|x86.ActiveCfg = Release|x86
		{5BD5D1C2-CD53-4D2F-A44F-66CF8A53B2C1}.Release|x86.Build.0 = Release|x86
	EndGlobalSection
	GlobalSection(NestedProjects) = preSolution
		{C46553E2-63ED-4423-9E11-E8DDB2E2DC71} = {9FFD7189-891A-4B00-B291-777FB0DAACD6}
		{CBFC94A2-EE15-44D4-8292-1886815D7C47} = {9FFD7189-891A-4B00-B291-777FB0DAACD6}
		{7624D0D1-9AA9-43FD-8B77-5FAB28920C12} = {9FFD7189-891A-4B00-B291-777FB0DAACD6}
		{B8E26A40-E368-4351-A8FA-D5B4ACABDC76} = {9FFD7189-891A-4B00-B291-777FB0DAACD6}
		{5BD5D1C2-CD53-4D2F-A44F-66CF8A53B2C1} = {9FFD7189-891A-4B00-B291-777FB0DAACD6}
	EndGlobalSection
EndGlobal
